
Microsoft Visual Studio Solution File, Format Version 12.00
# Visual Studio Version 17
VisualStudioVersion = 17.5.002.0
MinimumVisualStudioVersion = 10.0.40219.1
Project("{9A19103F-16F7-4668-BE54-9A1E7A4F7556}") = "Without_Strategy_Pattern", "Without_Strategy_Pattern.csproj", "{BB9FF82A-FFA1-4BD1-BAE1-02C7EAEA8D8A}"
EndProject
Global
	GlobalSection(SolutionConfigurationPlatforms) = preSolution
		Debug|Any CPU = Debug|Any CPU
		Release|Any CPU = Release|Any CPU
	EndGlobalSection
	GlobalSection(ProjectConfigurationPlatforms) = postSolution
		{BB9FF82A-FFA1-4BD1-BAE1-02C7EAEA8D8A}.Debug|Any CPU.ActiveCfg = Debug|Any CPU
		{BB9FF82A-FFA1-4BD1-BAE1-02C7EAEA8D8A}.Debug|Any CPU.Build.0 = Debug|Any CPU
		{BB9FF82A-FFA1-4BD1-BAE1-02C7EAEA8D8A}.Release|Any CPU.ActiveCfg = Release|Any CPU
		{BB9FF82A-FFA1-4BD1-BAE1-02C7EAEA8D8A}.Release|Any CPU.Build.0 = Release|Any CPU
	EndGlobalSection
	GlobalSection(SolutionProperties) = preSolution
		HideSolutionNode = FALSE
	EndGlobalSection
	GlobalSection(ExtensibilityGlobals) = postSolution
		SolutionGuid = {BD2FBB95-4C88-4A71-8960-6AF0900205DA}
	EndGlobalSection
EndGlobal
